
Microsoft Visual Studio Solution File, Format Version 12.00
# Visual Studio 14
VisualStudioVersion = 14.0.25420.1
MinimumVisualStudioVersion = 10.0.40219.1
Project("{FAE04EC0-301F-11D3-BF4B-00C04F79EFBC}") = "WeatherApp", "WeatherApp\WeatherApp\WeatherApp.csproj", "{47C48B9E-B4CD-4E50-A90A-3F9C77D0E5A9}"
EndProject
Project("{FAE04EC0-301F-11D3-BF4B-00C04F79EFBC}") = "WeatherApp.Droid", "WeatherApp\WeatherApp.Droid\WeatherApp.Droid.csproj", "{1C501B14-EA63-4226-9A11-A013B51121B2}"
EndProject
Project("{FAE04EC0-301F-11D3-BF4B-00C04F79EFBC}") = "WeatherApp.iOS", "WeatherApp\WeatherApp.iOS\WeatherApp.iOS.csproj", "{5F3511DC-7347-4A78-B119-E5315C104D41}"
EndProject
Project("{FAE04EC0-301F-11D3-BF4B-00C04F79EFBC}") = "WeatherApp.WinPhone", "WeatherApp\WeatherApp.WinPhone\WeatherApp.WinPhone.csproj", "{00D1B46E-416A-4559-B311-45109CE550FE}"
EndProject
Project("{FAE04EC0-301F-11D3-BF4B-00C04F79EFBC}") = "WeatherApp.UWP", "WeatherApp\WeatherApp.UWP\WeatherApp.UWP.csproj", "{70548D35-8E59-4FDC-B11B-5B26E26DC390}"
EndProject
Project("{FAE04EC0-301F-11D3-BF4B-00C04F79EFBC}") = "WeatherApp.Windows", "WeatherApp\WeatherApp.Windows\WeatherApp.Windows.csproj", "{87EE86B0-CA4B-4F68-A21B-C6457C1C9330}"
EndProject
Project("{FAE04EC0-301F-11D3-BF4B-00C04F79EFBC}") = "TestWeatherApp.Droid", "TestWeatherApp.Droid\TestWeatherApp.Droid.csproj", "{7E12B25E-8586-4472-AA38-BE4CE3B97533}"
EndProject
Project("{FAE04EC0-301F-11D3-BF4B-00C04F79EFBC}") = "TestWeatherApp", "TestWeatherApp\TestWeatherApp.csproj", "{3BA1A475-ABF9-4E32-BAC6-7510B9573BF4}"
EndProject
Global
	GlobalSection(SolutionConfigurationPlatforms) = preSolution
		Ad-Hoc|Any CPU = Ad-Hoc|Any CPU
		Ad-Hoc|ARM = Ad-Hoc|ARM
		Ad-Hoc|iPhone = Ad-Hoc|iPhone
		Ad-Hoc|iPhoneSimulator = Ad-Hoc|iPhoneSimulator
		Ad-Hoc|x64 = Ad-Hoc|x64
		Ad-Hoc|x86 = Ad-Hoc|x86
		AppStore|Any CPU = AppStore|Any CPU
		AppStore|ARM = AppStore|ARM
		AppStore|iPhone = AppStore|iPhone
		AppStore|iPhoneSimulator = AppStore|iPhoneSimulator
		AppStore|x64 = AppStore|x64
		AppStore|x86 = AppStore|x86
		Debug|Any CPU = Debug|Any CPU
		Debug|ARM = Debug|ARM
		Debug|iPhone = Debug|iPhone
		Debug|iPhoneSimulator = Debug|iPhoneSimulator
		Debug|x64 = Debug|x64
		Debug|x86 = Debug|x86
		Release|Any CPU = Release|Any CPU
		Release|ARM = Release|ARM
		Release|iPhone = Release|iPhone
		Release|iPhoneSimulator = Release|iPhoneSimulator
		Release|x64 = Release|x64
		Release|x86 = Release|x86
	EndGlobalSection
	GlobalSection(ProjectConfigurationPlatforms) = postSolution
		{47C48B9E-B4CD-4E50-A90A-3F9C77D0E5A9}.Ad-Hoc|Any CPU.ActiveCfg = Release|Any CPU
		{47C48B9E-B4CD-4E50-A90A-3F9C77D0E5A9}.Ad-Hoc|Any CPU.Build.0 = Release|Any CPU
		{47C48B9E-B4CD-4E50-A90A-3F9C77D0E5A9}.Ad-Hoc|ARM.ActiveCfg = Release|Any CPU
		{47C48B9E-B4CD-4E50-A90A-3F9C77D0E5A9}.Ad-Hoc|ARM.Build.0 = Release|Any CPU
		{47C48B9E-B4CD-4E50-A90A-3F9C77D0E5A9}.Ad-Hoc|iPhone.ActiveCfg = Release|Any CPU
		{47C48B9E-B4CD-4E50-A90A-3F9C77D0E5A9}.Ad-Hoc|iPhone.Build.0 = Release|Any CPU
		{47C48B9E-B4CD-4E50-A90A-3F9C77D0E5A9}.Ad-Hoc|iPhoneSimulator.ActiveCfg = Release|Any CPU
		{47C48B9E-B4CD-4E50-A90A-3F9C77D0E5A9}.Ad-Hoc|iPhoneSimulator.Build.0 = Release|Any CPU
		{47C48B9E-B4CD-4E50-A90A-3F9C77D0E5A9}.Ad-Hoc|x64.ActiveCfg = Release|Any CPU
		{47C48B9E-B4CD-4E50-A90A-3F9C77D0E5A9}.Ad-Hoc|x64.Build.0 = Release|Any CPU
		{47C48B9E-B4CD-4E50-A90A-3F9C77D0E5A9}.Ad-Hoc|x86.ActiveCfg = Release|Any CPU
		{47C48B9E-B4CD-4E50-A90A-3F9C77D0E5A9}.Ad-Hoc|x86.Build.0 = Release|Any CPU
		{47C48B9E-B4CD-4E50-A90A-3F9C77D0E5A9}.AppStore|Any CPU.ActiveCfg = Release|Any CPU
		{47C48B9E-B4CD-4E50-A90A-3F9C77D0E5A9}.AppStore|Any CPU.Build.0 = Release|Any CPU
		{47C48B9E-B4CD-4E50-A90A-3F9C77D0E5A9}.AppStore|ARM.ActiveCfg = Release|Any CPU
		{47C48B9E-B4CD-4E50-A90A-3F9C77D0E5A9}.AppStore|ARM.Build.0 = Release|Any CPU
		{47C48B9E-B4CD-4E50-A90A-3F9C77D0E5A9}.AppStore|iPhone.ActiveCfg = Release|Any CPU
		{47C48B9E-B4CD-4E50-A90A-3F9C77D0E5A9}.AppStore|iPhone.Build.0 = Release|Any CPU
		{47C48B9E-B4CD-4E50-A90A-3F9C77D0E5A9}.AppStore|iPhoneSimulator.ActiveCfg = Release|Any CPU
		{47C48B9E-B4CD-4E50-A90A-3F9C77D0E5A9}.AppStore|iPhoneSimulator.Build.0 = Release|Any CPU
		{47C48B9E-B4CD-4E50-A90A-3F9C77D0E5A9}.AppStore|x64.ActiveCfg = Release|Any CPU
		{47C48B9E-B4CD-4E50-A90A-3F9C77D0E5A9}.AppStore|x64.Build.0 = Release|Any CPU
		{47C48B9E-B4CD-4E50-A90A-3F9C77D0E5A9}.AppStore|x86.ActiveCfg = Release|Any CPU
		{47C48B9E-B4CD-4E50-A90A-3F9C77D0E5A9}.AppStore|x86.Build.0 = Release|Any CPU
		{47C48B9E-B4CD-4E50-A90A-3F9C77D0E5A9}.Debug|Any CPU.ActiveCfg = Debug|Any CPU
		{47C48B9E-B4CD-4E50-A90A-3F9C77D0E5A9}.Debug|Any CPU.Build.0 = Debug|Any CPU
		{47C48B9E-B4CD-4E50-A90A-3F9C77D0E5A9}.Debug|ARM.ActiveCfg = Debug|Any CPU
		{47C48B9E-B4CD-4E50-A90A-3F9C77D0E5A9}.Debug|ARM.Build.0 = Debug|Any CPU
		{47C48B9E-B4CD-4E50-A90A-3F9C77D0E5A9}.Debug|iPhone.ActiveCfg = Debug|Any CPU
		{47C48B9E-B4CD-4E50-A90A-3F9C77D0E5A9}.Debug|iPhone.Build.0 = Debug|Any CPU
		{47C48B9E-B4CD-4E50-A90A-3F9C77D0E5A9}.Debug|iPhoneSimulator.ActiveCfg = Debug|Any CPU
		{47C48B9E-B4CD-4E50-A90A-3F9C77D0E5A9}.Debug|iPhoneSimulator.Build.0 = Debug|Any CPU
		{47C48B9E-B4CD-4E50-A90A-3F9C77D0E5A9}.Debug|x64.ActiveCfg = Debug|Any CPU
		{47C48B9E-B4CD-4E50-A90A-3F9C77D0E5A9}.Debug|x64.Build.0 = Debug|Any CPU
		{47C48B9E-B4CD-4E50-A90A-3F9C77D0E5A9}.Debug|x86.ActiveCfg = Debug|Any CPU
		{47C48B9E-B4CD-4E50-A90A-3F9C77D0E5A9}.Debug|x86.Build.0 = Debug|Any CPU
		{47C48B9E-B4CD-4E50-A90A-3F9C77D0E5A9}.Release|Any CPU.ActiveCfg = Release|Any CPU
		{47C48B9E-B4CD-4E50-A90A-3F9C77D0E5A9}.Release|Any CPU.Build.0 = Release|Any CPU
		{47C48B9E-B4CD-4E50-A90A-3F9C77D0E5A9}.Release|ARM.ActiveCfg = Release|Any CPU
		{47C48B9E-B4CD-4E50-A90A-3F9C77D0E5A9}.Release|ARM.Build.0 = Release|Any CPU
		{47C48B9E-B4CD-4E50-A90A-3F9C77D0E5A9}.Release|iPhone.ActiveCfg = Release|Any CPU
		{47C48B9E-B4CD-4E50-A90A-3F9C77D0E5A9}.Release|iPhone.Build.0 = Release|Any CPU
		{47C48B9E-B4CD-4E50-A90A-3F9C77D0E5A9}.Release|iPhoneSimulator.ActiveCfg = Release|Any CPU
		{47C48B9E-B4CD-4E50-A90A-3F9C77D0E5A9}.Release|iPhoneSimulator.Build.0 = Release|Any CPU
		{47C48B9E-B4CD-4E50-A90A-3F9C77D0E5A9}.Release|x64.ActiveCfg = Release|Any CPU
		{47C48B9E-B4CD-4E50-A90A-3F9C77D0E5A9}.Release|x64.Build.0 = Release|Any CPU
		{47C48B9E-B4CD-4E50-A90A-3F9C77D0E5A9}.Release|x86.ActiveCfg = Release|Any CPU
		{47C48B9E-B4CD-4E50-A90A-3F9C77D0E5A9}.Release|x86.Build.0 = Release|Any CPU
		{1C501B14-EA63-4226-9A11-A013B51121B2}.Ad-Hoc|Any CPU.ActiveCfg = Release|Any CPU
		{1C501B14-EA63-4226-9A11-A013B51121B2}.Ad-Hoc|Any CPU.Build.0 = Release|Any CPU
		{1C501B14-EA63-4226-9A11-A013B51121B2}.Ad-Hoc|Any CPU.Deploy.0 = Release|Any CPU
		{1C501B14-EA63-4226-9A11-A013B51121B2}.Ad-Hoc|ARM.ActiveCfg = Release|Any CPU
		{1C501B14-EA63-4226-9A11-A013B51121B2}.Ad-Hoc|ARM.Build.0 = Release|Any CPU
		{1C501B14-EA63-4226-9A11-A013B51121B2}.Ad-Hoc|ARM.Deploy.0 = Release|Any CPU
		{1C501B14-EA63-4226-9A11-A013B51121B2}.Ad-Hoc|iPhone.ActiveCfg = Release|Any CPU
		{1C501B14-EA63-4226-9A11-A013B51121B2}.Ad-Hoc|iPhone.Build.0 = Release|Any CPU
		{1C501B14-EA63-4226-9A11-A013B51121B2}.Ad-Hoc|iPhone.Deploy.0 = Release|Any CPU
		{1C501B14-EA63-4226-9A11-A013B51121B2}.Ad-Hoc|iPhoneSimulator.ActiveCfg = Release|Any CPU
		{1C501B14-EA63-4226-9A11-A013B51121B2}.Ad-Hoc|iPhoneSimulator.Build.0 = Release|Any CPU
		{1C501B14-EA63-4226-9A11-A013B51121B2}.Ad-Hoc|iPhoneSimulator.Deploy.0 = Release|Any CPU
		{1C501B14-EA63-4226-9A11-A013B51121B2}.Ad-Hoc|x64.ActiveCfg = Release|Any CPU
		{1C501B14-EA63-4226-9A11-A013B51121B2}.Ad-Hoc|x64.Build.0 = Release|Any CPU
		{1C501B14-EA63-4226-9A11-A013B51121B2}.Ad-Hoc|x64.Deploy.0 = Release|Any CPU
		{1C501B14-EA63-4226-9A11-A013B51121B2}.Ad-Hoc|x86.ActiveCfg = Release|Any CPU
		{1C501B14-EA63-4226-9A11-A013B51121B2}.Ad-Hoc|x86.Build.0 = Release|Any CPU
		{1C501B14-EA63-4226-9A11-A013B51121B2}.Ad-Hoc|x86.Deploy.0 = Release|Any CPU
		{1C501B14-EA63-4226-9A11-A013B51121B2}.AppStore|Any CPU.ActiveCfg = Release|Any CPU
		{1C501B14-EA63-4226-9A11-A013B51121B2}.AppStore|Any CPU.Build.0 = Release|Any CPU
		{1C501B14-EA63-4226-9A11-A013B51121B2}.AppStore|Any CPU.Deploy.0 = Release|Any CPU
		{1C501B14-EA63-4226-9A11-A013B51121B2}.AppStore|ARM.ActiveCfg = Release|Any CPU
		{1C501B14-EA63-4226-9A11-A013B51121B2}.AppStore|ARM.Build.0 = Release|Any CPU
		{1C501B14-EA63-4226-9A11-A013B51121B2}.AppStore|ARM.Deploy.0 = Release|Any CPU
		{1C501B14-EA63-4226-9A11-A013B51121B2}.AppStore|iPhone.ActiveCfg = Release|Any CPU
		{1C501B14-EA63-4226-9A11-A013B51121B2}.AppStore|iPhone.Build.0 = Release|Any CPU
		{1C501B14-EA63-4226-9A11-A013B51121B2}.AppStore|iPhone.Deploy.0 = Release|Any CPU
		{1C501B14-EA63-4226-9A11-A013B51121B2}.AppStore|iPhoneSimulator.ActiveCfg = Release|Any CPU
		{1C501B14-EA63-4226-9A11-A013B51121B2}.AppStore|iPhoneSimulator.Build.0 = Release|Any CPU
		{1C501B14-EA63-4226-9A11-A013B51121B2}.AppStore|iPhoneSimulator.Deploy.0 = Release|Any CPU
		{1C501B14-EA63-4226-9A11-A013B51121B2}.AppStore|x64.ActiveCfg = Release|Any CPU
		{1C501B14-EA63-4226-9A11-A013B51121B2}.AppStore|x64.Build.0 = Release|Any CPU
		{1C501B14-EA63-4226-9A11-A013B51121B2}.AppStore|x64.Deploy.0 = Release|Any CPU
		{1C501B14-EA63-4226-9A11-A013B51121B2}.AppStore|x86.ActiveCfg = Release|Any CPU
		{1C501B14-EA63-4226-9A11-A013B51121B2}.AppStore|x86.Build.0 = Release|Any CPU
		{1C501B14-EA63-4226-9A11-A013B51121B2}.AppStore|x86.Deploy.0 = Release|Any CPU
		{1C501B14-EA63-4226-9A11-A013B51121B2}.Debug|Any CPU.ActiveCfg = Debug|Any CPU
		{1C501B14-EA63-4226-9A11-A013B51121B2}.Debug|Any CPU.Build.0 = Debug|Any CPU
		{1C501B14-EA63-4226-9A11-A013B51121B2}.Debug|Any CPU.Deploy.0 = Debug|Any CPU
		{1C501B14-EA63-4226-9A11-A013B51121B2}.Debug|ARM.ActiveCfg = Debug|Any CPU
		{1C501B14-EA63-4226-9A11-A013B51121B2}.Debug|ARM.Build.0 = Debug|Any CPU
		{1C501B14-EA63-4226-9A11-A013B51121B2}.Debug|ARM.Deploy.0 = Debug|Any CPU
		{1C501B14-EA63-4226-9A11-A013B51121B2}.Debug|iPhone.ActiveCfg = Debug|Any CPU
		{1C501B14-EA63-4226-9A11-A013B51121B2}.Debug|iPhone.Build.0 = Debug|Any CPU
		{1C501B14-EA63-4226-9A11-A013B51121B2}.Debug|iPhone.Deploy.0 = Debug|Any CPU
		{1C501B14-EA63-4226-9A11-A013B51121B2}.Debug|iPhoneSimulator.ActiveCfg = Debug|Any CPU
		{1C501B14-EA63-4226-9A11-A013B51121B2}.Debug|iPhoneSimulator.Build.0 = Debug|Any CPU
		{1C501B14-EA63-4226-9A11-A013B51121B2}.Debug|iPhoneSimulator.Deploy.0 = Debug|Any CPU
		{1C501B14-EA63-4226-9A11-A013B51121B2}.Debug|x64.ActiveCfg = Debug|Any CPU
		{1C501B14-EA63-4226-9A11-A013B51121B2}.Debug|x64.Build.0 = Debug|Any CPU
		{1C501B14-EA63-4226-9A11-A013B51121B2}.Debug|x64.Deploy.0 = Debug|Any CPU
		{1C501B14-EA63-4226-9A11-A013B51121B2}.Debug|x86.ActiveCfg = Debug|Any CPU
		{1C501B14-EA63-4226-9A11-A013B51121B2}.Debug|x86.Build.0 = Debug|Any CPU
		{1C501B14-EA63-4226-9A11-A013B51121B2}.Debug|x86.Deploy.0 = Debug|Any CPU
		{1C501B14-EA63-4226-9A11-A013B51121B2}.Release|Any CPU.ActiveCfg = Release|Any CPU
		{1C501B14-EA63-4226-9A11-A013B51121B2}.Release|Any CPU.Build.0 = Release|Any CPU
		{1C501B14-EA63-4226-9A11-A013B51121B2}.Release|Any CPU.Deploy.0 = Release|Any CPU
		{1C501B14-EA63-4226-9A11-A013B51121B2}.Release|ARM.ActiveCfg = Release|Any CPU
		{1C501B14-EA63-4226-9A11-A013B51121B2}.Release|ARM.Build.0 = Release|Any CPU
		{1C501B14-EA63-4226-9A11-A013B51121B2}.Release|ARM.Deploy.0 = Release|Any CPU
		{1C501B14-EA63-4226-9A11-A013B51121B2}.Release|iPhone.ActiveCfg = Release|Any CPU
		{1C501B14-EA63-4226-9A11-A013B51121B2}.Release|iPhone.Build.0 = Release|Any CPU
		{1C501B14-EA63-4226-9A11-A013B51121B2}.Release|iPhone.Deploy.0 = Release|Any CPU
		{1C501B14-EA63-4226-9A11-A013B51121B2}.Release|iPhoneSimulator.ActiveCfg = Release|Any CPU
		{1C501B14-EA63-4226-9A11-A013B51121B2}.Release|iPhoneSimulator.Build.0 = Release|Any CPU
		{1C501B14-EA63-4226-9A11-A013B51121B2}.Release|iPhoneSimulator.Deploy.0 = Release|Any CPU
		{1C501B14-EA63-4226-9A11-A013B51121B2}.Release|x64.ActiveCfg = Release|Any CPU
		{1C501B14-EA63-4226-9A11-A013B51121B2}.Release|x64.Build.0 = Release|Any CPU
		{1C501B14-EA63-4226-9A11-A013B51121B2}.Release|x64.Deploy.0 = Release|Any CPU
		{1C501B14-EA63-4226-9A11-A013B51121B2}.Release|x86.ActiveCfg = Release|Any CPU
		{1C501B14-EA63-4226-9A11-A013B51121B2}.Release|x86.Build.0 = Release|Any CPU
		{1C501B14-EA63-4226-9A11-A013B51121B2}.Release|x86.Deploy.0 = Release|Any CPU
		{5F3511DC-7347-4A78-B119-E5315C104D41}.Ad-Hoc|Any CPU.ActiveCfg = Ad-Hoc|iPhone
		{5F3511DC-7347-4A78-B119-E5315C104D41}.Ad-Hoc|ARM.ActiveCfg = Ad-Hoc|iPhone
		{5F3511DC-7347-4A78-B119-E5315C104D41}.Ad-Hoc|iPhone.ActiveCfg = Ad-Hoc|iPhone
		{5F3511DC-7347-4A78-B119-E5315C104D41}.Ad-Hoc|iPhone.Build.0 = Ad-Hoc|iPhone
		{5F3511DC-7347-4A78-B119-E5315C104D41}.Ad-Hoc|iPhoneSimulator.ActiveCfg = Ad-Hoc|iPhoneSimulator
		{5F3511DC-7347-4A78-B119-E5315C104D41}.Ad-Hoc|iPhoneSimulator.Build.0 = Ad-Hoc|iPhoneSimulator
		{5F3511DC-7347-4A78-B119-E5315C104D41}.Ad-Hoc|x64.ActiveCfg = Ad-Hoc|iPhone
		{5F3511DC-7347-4A78-B119-E5315C104D41}.Ad-Hoc|x86.ActiveCfg = Ad-Hoc|iPhone
		{5F3511DC-7347-4A78-B119-E5315C104D41}.AppStore|Any CPU.ActiveCfg = AppStore|iPhone
		{5F3511DC-7347-4A78-B119-E5315C104D41}.AppStore|ARM.ActiveCfg = AppStore|iPhone
		{5F3511DC-7347-4A78-B119-E5315C104D41}.AppStore|iPhone.ActiveCfg = AppStore|iPhone
		{5F3511DC-7347-4A78-B119-E5315C104D41}.AppStore|iPhone.Build.0 = AppStore|iPhone
		{5F3511DC-7347-4A78-B119-E5315C104D41}.AppStore|iPhoneSimulator.ActiveCfg = AppStore|iPhoneSimulator
		{5F3511DC-7347-4A78-B119-E5315C104D41}.AppStore|iPhoneSimulator.Build.0 = AppStore|iPhoneSimulator
		{5F3511DC-7347-4A78-B119-E5315C104D41}.AppStore|x64.ActiveCfg = AppStore|iPhone
		{5F3511DC-7347-4A78-B119-E5315C104D41}.AppStore|x86.ActiveCfg = AppStore|iPhone
		{5F3511DC-7347-4A78-B119-E5315C104D41}.Debug|Any CPU.ActiveCfg = Debug|iPhone
		{5F3511DC-7347-4A78-B119-E5315C104D41}.Debug|ARM.ActiveCfg = Debug|iPhone
		{5F3511DC-7347-4A78-B119-E5315C104D41}.Debug|iPhone.ActiveCfg = Debug|iPhone
		{5F3511DC-7347-4A78-B119-E5315C104D41}.Debug|iPhone.Build.0 = Debug|iPhone
		{5F3511DC-7347-4A78-B119-E5315C104D41}.Debug|iPhoneSimulator.ActiveCfg = Debug|iPhoneSimulator
		{5F3511DC-7347-4A78-B119-E5315C104D41}.Debug|iPhoneSimulator.Build.0 = Debug|iPhoneSimulator
		{5F3511DC-7347-4A78-B119-E5315C104D41}.Debug|x64.ActiveCfg = Debug|iPhone
		{5F3511DC-7347-4A78-B119-E5315C104D41}.Debug|x86.ActiveCfg = Debug|iPhone
		{5F3511DC-7347-4A78-B119-E5315C104D41}.Release|Any CPU.ActiveCfg = Release|iPhone
		{5F3511DC-7347-4A78-B119-E5315C104D41}.Release|ARM.ActiveCfg = Release|iPhone
		{5F3511DC-7347-4A78-B119-E5315C104D41}.Release|iPhone.ActiveCfg = Release|iPhone
		{5F3511DC-7347-4A78-B119-E5315C104D41}.Release|iPhone.Build.0 = Release|iPhone
		{5F3511DC-7347-4A78-B119-E5315C104D41}.Release|iPhoneSimulator.ActiveCfg = Release|iPhoneSimulator
		{5F3511DC-7347-4A78-B119-E5315C104D41}.Release|iPhoneSimulator.Build.0 = Release|iPhoneSimulator
		{5F3511DC-7347-4A78-B119-E5315C104D41}.Release|x64.ActiveCfg = Release|iPhone
		{5F3511DC-7347-4A78-B119-E5315C104D41}.Release|x86.ActiveCfg = Release|iPhone
		{00D1B46E-416A-4559-B311-45109CE550FE}.Ad-Hoc|Any CPU.ActiveCfg = Release|Any CPU
		{00D1B46E-416A-4559-B311-45109CE550FE}.Ad-Hoc|Any CPU.Build.0 = Release|Any CPU
		{00D1B46E-416A-4559-B311-45109CE550FE}.Ad-Hoc|Any CPU.Deploy.0 = Release|Any CPU
		{00D1B46E-416A-4559-B311-45109CE550FE}.Ad-Hoc|ARM.ActiveCfg = Release|ARM
		{00D1B46E-416A-4559-B311-45109CE550FE}.Ad-Hoc|ARM.Build.0 = Release|ARM
		{00D1B46E-416A-4559-B311-45109CE550FE}.Ad-Hoc|ARM.Deploy.0 = Release|ARM
		{00D1B46E-416A-4559-B311-45109CE550FE}.Ad-Hoc|iPhone.ActiveCfg = Release|Any CPU
		{00D1B46E-416A-4559-B311-45109CE550FE}.Ad-Hoc|iPhone.Build.0 = Release|Any CPU
		{00D1B46E-416A-4559-B311-45109CE550FE}.Ad-Hoc|iPhone.Deploy.0 = Release|Any CPU
		{00D1B46E-416A-4559-B311-45109CE550FE}.Ad-Hoc|iPhoneSimulator.ActiveCfg = Release|Any CPU
		{00D1B46E-416A-4559-B311-45109CE550FE}.Ad-Hoc|iPhoneSimulator.Build.0 = Release|Any CPU
		{00D1B46E-416A-4559-B311-45109CE550FE}.Ad-Hoc|iPhoneSimulator.Deploy.0 = Release|Any CPU
		{00D1B46E-416A-4559-B311-45109CE550FE}.Ad-Hoc|x64.ActiveCfg = Release|Any CPU
		{00D1B46E-416A-4559-B311-45109CE550FE}.Ad-Hoc|x64.Build.0 = Release|Any CPU
		{00D1B46E-416A-4559-B311-45109CE550FE}.Ad-Hoc|x64.Deploy.0 = Release|Any CPU
		{00D1B46E-416A-4559-B311-45109CE550FE}.Ad-Hoc|x86.ActiveCfg = Release|x86
		{00D1B46E-416A-4559-B311-45109CE550FE}.Ad-Hoc|x86.Build.0 = Release|x86
		{00D1B46E-416A-4559-B311-45109CE550FE}.Ad-Hoc|x86.Deploy.0 = Release|x86
		{00D1B46E-416A-4559-B311-45109CE550FE}.AppStore|Any CPU.ActiveCfg = Release|Any CPU
		{00D1B46E-416A-4559-B311-45109CE550FE}.AppStore|Any CPU.Build.0 = Release|Any CPU
		{00D1B46E-416A-4559-B311-45109CE550FE}.AppStore|Any CPU.Deploy.0 = Release|Any CPU
		{00D1B46E-416A-4559-B311-45109CE550FE}.AppStore|ARM.ActiveCfg = Release|ARM
		{00D1B46E-416A-4559-B311-45109CE550FE}.AppStore|ARM.Build.0 = Release|ARM
		{00D1B46E-416A-4559-B311-45109CE550FE}.AppStore|ARM.Deploy.0 = Release|ARM
		{00D1B46E-416A-4559-B311-45109CE550FE}.AppStore|iPhone.ActiveCfg = Release|Any CPU
		{00D1B46E-416A-4559-B311-45109CE550FE}.AppStore|iPhone.Build.0 = Release|Any CPU
		{00D1B46E-416A-4559-B311-45109CE550FE}.AppStore|iPhone.Deploy.0 = Release|Any CPU
		{00D1B46E-416A-4559-B311-45109CE550FE}.AppStore|iPhoneSimulator.ActiveCfg = Release|Any CPU
		{00D1B46E-416A-4559-B311-45109CE550FE}.AppStore|iPhoneSimulator.Build.0 = Release|Any CPU
		{00D1B46E-416A-4559-B311-45109CE550FE}.AppStore|iPhoneSimulator.Deploy.0 = Release|Any CPU
		{00D1B46E-416A-4559-B311-45109CE550FE}.AppStore|x64.ActiveCfg = Release|Any CPU
		{00D1B46E-416A-4559-B311-45109CE550FE}.AppStore|x64.Build.0 = Release|Any CPU
		{00D1B46E-416A-4559-B311-45109CE550FE}.AppStore|x64.Deploy.0 = Release|Any CPU
		{00D1B46E-416A-4559-B311-45109CE550FE}.AppStore|x86.ActiveCfg = Release|x86
		{00D1B46E-416A-4559-B311-45109CE550FE}.AppStore|x86.Build.0 = Release|x86
		{00D1B46E-416A-4559-B311-45109CE550FE}.AppStore|x86.Deploy.0 = Release|x86
		{00D1B46E-416A-4559-B311-45109CE550FE}.Debug|Any CPU.ActiveCfg = Debug|Any CPU
		{00D1B46E-416A-4559-B311-45109CE550FE}.Debug|Any CPU.Build.0 = Debug|Any CPU
		{00D1B46E-416A-4559-B311-45109CE550FE}.Debug|Any CPU.Deploy.0 = Debug|Any CPU
		{00D1B46E-416A-4559-B311-45109CE550FE}.Debug|ARM.ActiveCfg = Debug|ARM
		{00D1B46E-416A-4559-B311-45109CE550FE}.Debug|ARM.Build.0 = Debug|ARM
		{00D1B46E-416A-4559-B311-45109CE550FE}.Debug|ARM.Deploy.0 = Debug|ARM
		{00D1B46E-416A-4559-B311-45109CE550FE}.Debug|iPhone.ActiveCfg = Debug|Any CPU
		{00D1B46E-416A-4559-B311-45109CE550FE}.Debug|iPhone.Build.0 = Debug|Any CPU
		{00D1B46E-416A-4559-B311-45109CE550FE}.Debug|iPhone.Deploy.0 = Debug|Any CPU
		{00D1B46E-416A-4559-B311-45109CE550FE}.Debug|iPhoneSimulator.ActiveCfg = Debug|Any CPU
		{00D1B46E-416A-4559-B311-45109CE550FE}.Debug|iPhoneSimulator.Build.0 = Debug|Any CPU
		{00D1B46E-416A-4559-B311-45109CE550FE}.Debug|iPhoneSimulator.Deploy.0 = Debug|Any CPU
		{00D1B46E-416A-4559-B311-45109CE550FE}.Debug|x64.ActiveCfg = Debug|Any CPU
		{00D1B46E-416A-4559-B311-45109CE550FE}.Debug|x64.Build.0 = Debug|Any CPU
		{00D1B46E-416A-4559-B311-45109CE550FE}.Debug|x64.Deploy.0 = Debug|Any CPU
		{00D1B46E-416A-4559-B311-45109CE550FE}.Debug|x86.ActiveCfg = Debug|x86
		{00D1B46E-416A-4559-B311-45109CE550FE}.Debug|x86.Build.0 = Debug|x86
		{00D1B46E-416A-4559-B311-45109CE550FE}.Debug|x86.Deploy.0 = Debug|x86
		{00D1B46E-416A-4559-B311-45109CE550FE}.Release|Any CPU.ActiveCfg = Release|Any CPU
		{00D1B46E-416A-4559-B311-45109CE550FE}.Release|Any CPU.Build.0 = Release|Any CPU
		{00D1B46E-416A-4559-B311-45109CE550FE}.Release|Any CPU.Deploy.0 = Release|Any CPU
		{00D1B46E-416A-4559-B311-45109CE550FE}.Release|ARM.ActiveCfg = Release|ARM
		{00D1B46E-416A-4559-B311-45109CE550FE}.Release|ARM.Build.0 = Release|ARM
		{00D1B46E-416A-4559-B311-45109CE550FE}.Release|ARM.Deploy.0 = Release|ARM
		{00D1B46E-416A-4559-B311-45109CE550FE}.Release|iPhone.ActiveCfg = Release|Any CPU
		{00D1B46E-416A-4559-B311-45109CE550FE}.Release|iPhone.Build.0 = Release|Any CPU
		{00D1B46E-416A-4559-B311-45109CE550FE}.Release|iPhone.Deploy.0 = Release|Any CPU
		{00D1B46E-416A-4559-B311-45109CE550FE}.Release|iPhoneSimulator.ActiveCfg = Release|Any CPU
		{00D1B46E-416A-4559-B311-45109CE550FE}.Release|iPhoneSimulator.Build.0 = Release|Any CPU
		{00D1B46E-416A-4559-B311-45109CE550FE}.Release|iPhoneSimulator.Deploy.0 = Release|Any CPU
		{00D1B46E-416A-4559-B311-45109CE550FE}.Release|x64.ActiveCfg = Release|Any CPU
		{00D1B46E-416A-4559-B311-45109CE550FE}.Release|x64.Build.0 = Release|Any CPU
		{00D1B46E-416A-4559-B311-45109CE550FE}.Release|x64.Deploy.0 = Release|Any CPU
		{00D1B46E-416A-4559-B311-45109CE550FE}.Release|x86.ActiveCfg = Release|x86
		{00D1B46E-416A-4559-B311-45109CE550FE}.Release|x86.Build.0 = Release|x86
		{00D1B46E-416A-4559-B311-45109CE550FE}.Release|x86.Deploy.0 = Release|x86
		{70548D35-8E59-4FDC-B11B-5B26E26DC390}.Ad-Hoc|Any CPU.ActiveCfg = Release|x86
		{70548D35-8E59-4FDC-B11B-5B26E26DC390}.Ad-Hoc|Any CPU.Build.0 = Release|x86
		{70548D35-8E59-4FDC-B11B-5B26E26DC390}.Ad-Hoc|Any CPU.Deploy.0 = Release|x86
		{70548D35-8E59-4FDC-B11B-5B26E26DC390}.Ad-Hoc|ARM.ActiveCfg = Release|ARM
		{70548D35-8E59-4FDC-B11B-5B26E26DC390}.Ad-Hoc|ARM.Build.0 = Release|ARM
		{70548D35-8E59-4FDC-B11B-5B26E26DC390}.Ad-Hoc|ARM.Deploy.0 = Release|ARM
		{70548D35-8E59-4FDC-B11B-5B26E26DC390}.Ad-Hoc|iPhone.ActiveCfg = Release|x86
		{70548D35-8E59-4FDC-B11B-5B26E26DC390}.Ad-Hoc|iPhone.Build.0 = Release|x86
		{70548D35-8E59-4FDC-B11B-5B26E26DC390}.Ad-Hoc|iPhone.Deploy.0 = Release|x86
		{70548D35-8E59-4FDC-B11B-5B26E26DC390}.Ad-Hoc|iPhoneSimulator.ActiveCfg = Release|x86
		{70548D35-8E59-4FDC-B11B-5B26E26DC390}.Ad-Hoc|iPhoneSimulator.Build.0 = Release|x86
		{70548D35-8E59-4FDC-B11B-5B26E26DC390}.Ad-Hoc|iPhoneSimulator.Deploy.0 = Release|x86
		{70548D35-8E59-4FDC-B11B-5B26E26DC390}.Ad-Hoc|x64.ActiveCfg = Release|x64
		{70548D35-8E59-4FDC-B11B-5B26E26DC390}.Ad-Hoc|x64.Build.0 = Release|x64
		{70548D35-8E59-4FDC-B11B-5B26E26DC390}.Ad-Hoc|x64.Deploy.0 = Release|x64
		{70548D35-8E59-4FDC-B11B-5B26E26DC390}.Ad-Hoc|x86.ActiveCfg = Release|x86
		{70548D35-8E59-4FDC-B11B-5B26E26DC390}.Ad-Hoc|x86.Build.0 = Release|x86
		{70548D35-8E59-4FDC-B11B-5B26E26DC390}.Ad-Hoc|x86.Deploy.0 = Release|x86
		{70548D35-8E59-4FDC-B11B-5B26E26DC390}.AppStore|Any CPU.ActiveCfg = Release|x86
		{70548D35-8E59-4FDC-B11B-5B26E26DC390}.AppStore|Any CPU.Build.0 = Release|x86
		{70548D35-8E59-4FDC-B11B-5B26E26DC390}.AppStore|Any CPU.Deploy.0 = Release|x86
		{70548D35-8E59-4FDC-B11B-5B26E26DC390}.AppStore|ARM.ActiveCfg = Release|ARM
		{70548D35-8E59-4FDC-B11B-5B26E26DC390}.AppStore|ARM.Build.0 = Release|ARM
		{70548D35-8E59-4FDC-B11B-5B26E26DC390}.AppStore|ARM.Deploy.0 = Release|ARM
		{70548D35-8E59-4FDC-B11B-5B26E26DC390}.AppStore|iPhone.ActiveCfg = Release|x86
		{70548D35-8E59-4FDC-B11B-5B26E26DC390}.AppStore|iPhone.Build.0 = Release|x86
		{70548D35-8E59-4FDC-B11B-5B26E26DC390}.AppStore|iPhone.Deploy.0 = Release|x86
		{70548D35-8E59-4FDC-B11B-5B26E26DC390}.AppStore|iPhoneSimulator.ActiveCfg = Release|x86
		{70548D35-8E59-4FDC-B11B-5B26E26DC390}.AppStore|iPhoneSimulator.Build.0 = Release|x86
		{70548D35-8E59-4FDC-B11B-5B26E26DC390}.AppStore|iPhoneSimulator.Deploy.0 = Release|x86
		{70548D35-8E59-4FDC-B11B-5B26E26DC390}.AppStore|x64.ActiveCfg = Release|x64
		{70548D35-8E59-4FDC-B11B-5B26E26DC390}.AppStore|x64.Build.0 = Release|x64
		{70548D35-8E59-4FDC-B11B-5B26E26DC390}.AppStore|x64.Deploy.0 = Release|x64
		{70548D35-8E59-4FDC-B11B-5B26E26DC390}.AppStore|x86.ActiveCfg = Release|x86
		{70548D35-8E59-4FDC-B11B-5B26E26DC390}.AppStore|x86.Build.0 = Release|x86
		{70548D35-8E59-4FDC-B11B-5B26E26DC390}.AppStore|x86.Deploy.0 = Release|x86
		{70548D35-8E59-4FDC-B11B-5B26E26DC390}.Debug|Any CPU.ActiveCfg = Debug|x86
		{70548D35-8E59-4FDC-B11B-5B26E26DC390}.Debug|ARM.ActiveCfg = Debug|ARM
		{70548D35-8E59-4FDC-B11B-5B26E26DC390}.Debug|ARM.Build.0 = Debug|ARM
		{70548D35-8E59-4FDC-B11B-5B26E26DC390}.Debug|ARM.Deploy.0 = Debug|ARM
		{70548D35-8E59-4FDC-B11B-5B26E26DC390}.Debug|iPhone.ActiveCfg = Debug|x86
		{70548D35-8E59-4FDC-B11B-5B26E26DC390}.Debug|iPhoneSimulator.ActiveCfg = Debug|x86
		{70548D35-8E59-4FDC-B11B-5B26E26DC390}.Debug|x64.ActiveCfg = Debug|x64
		{70548D35-8E59-4FDC-B11B-5B26E26DC390}.Debug|x64.Build.0 = Debug|x64
		{70548D35-8E59-4FDC-B11B-5B26E26DC390}.Debug|x64.Deploy.0 = Debug|x64
		{70548D35-8E59-4FDC-B11B-5B26E26DC390}.Debug|x86.ActiveCfg = Debug|x86
		{70548D35-8E59-4FDC-B11B-5B26E26DC390}.Debug|x86.Build.0 = Debug|x86
		{70548D35-8E59-4FDC-B11B-5B26E26DC390}.Debug|x86.Deploy.0 = Debug|x86
		{70548D35-8E59-4FDC-B11B-5B26E26DC390}.Release|Any CPU.ActiveCfg = Release|x86
		{70548D35-8E59-4FDC-B11B-5B26E26DC390}.Release|ARM.ActiveCfg = Release|ARM
		{70548D35-8E59-4FDC-B11B-5B26E26DC390}.Release|ARM.Build.0 = Release|ARM
		{70548D35-8E59-4FDC-B11B-5B26E26DC390}.Release|ARM.Deploy.0 = Release|ARM
		{70548D35-8E59-4FDC-B11B-5B26E26DC390}.Release|iPhone.ActiveCfg = Release|x86
		{70548D35-8E59-4FDC-B11B-5B26E26DC390}.Release|iPhoneSimulator.ActiveCfg = Release|x86
		{70548D35-8E59-4FDC-B11B-5B26E26DC390}.Release|x64.ActiveCfg = Release|x64
		{70548D35-8E59-4FDC-B11B-5B26E26DC390}.Release|x64.Build.0 = Release|x64
		{70548D35-8E59-4FDC-B11B-5B26E26DC390}.Release|x64.Deploy.0 = Release|x64
		{70548D35-8E59-4FDC-B11B-5B26E26DC390}.Release|x86.ActiveCfg = Release|x86
		{70548D35-8E59-4FDC-B11B-5B26E26DC390}.Release|x86.Build.0 = Release|x86
		{70548D35-8E59-4FDC-B11B-5B26E26DC390}.Release|x86.Deploy.0 = Release|x86
		{87EE86B0-CA4B-4F68-A21B-C6457C1C9330}.Ad-Hoc|Any CPU.ActiveCfg = Release|Any CPU
		{87EE86B0-CA4B-4F68-A21B-C6457C1C9330}.Ad-Hoc|Any CPU.Build.0 = Release|Any CPU
		{87EE86B0-CA4B-4F68-A21B-C6457C1C9330}.Ad-Hoc|Any CPU.Deploy.0 = Release|Any CPU
		{87EE86B0-CA4B-4F68-A21B-C6457C1C9330}.Ad-Hoc|ARM.ActiveCfg = Release|ARM
		{87EE86B0-CA4B-4F68-A21B-C6457C1C9330}.Ad-Hoc|ARM.Build.0 = Release|ARM
		{87EE86B0-CA4B-4F68-A21B-C6457C1C9330}.Ad-Hoc|ARM.Deploy.0 = Release|ARM
		{87EE86B0-CA4B-4F68-A21B-C6457C1C9330}.Ad-Hoc|iPhone.ActiveCfg = Release|Any CPU
		{87EE86B0-CA4B-4F68-A21B-C6457C1C9330}.Ad-Hoc|iPhone.Build.0 = Release|Any CPU
		{87EE86B0-CA4B-4F68-A21B-C6457C1C9330}.Ad-Hoc|iPhone.Deploy.0 = Release|Any CPU
		{87EE86B0-CA4B-4F68-A21B-C6457C1C9330}.Ad-Hoc|iPhoneSimulator.ActiveCfg = Release|Any CPU
		{87EE86B0-CA4B-4F68-A21B-C6457C1C9330}.Ad-Hoc|iPhoneSimulator.Build.0 = Release|Any CPU
		{87EE86B0-CA4B-4F68-A21B-C6457C1C9330}.Ad-Hoc|iPhoneSimulator.Deploy.0 = Release|Any CPU
		{87EE86B0-CA4B-4F68-A21B-C6457C1C9330}.Ad-Hoc|x64.ActiveCfg = Release|x64
		{87EE86B0-CA4B-4F68-A21B-C6457C1C9330}.Ad-Hoc|x64.Build.0 = Release|x64
		{87EE86B0-CA4B-4F68-A21B-C6457C1C9330}.Ad-Hoc|x64.Deploy.0 = Release|x64
		{87EE86B0-CA4B-4F68-A21B-C6457C1C9330}.Ad-Hoc|x86.ActiveCfg = Release|x86
		{87EE86B0-CA4B-4F68-A21B-C6457C1C9330}.Ad-Hoc|x86.Build.0 = Release|x86
		{87EE86B0-CA4B-4F68-A21B-C6457C1C9330}.Ad-Hoc|x86.Deploy.0 = Release|x86
		{87EE86B0-CA4B-4F68-A21B-C6457C1C9330}.AppStore|Any CPU.ActiveCfg = Release|Any CPU
		{87EE86B0-CA4B-4F68-A21B-C6457C1C9330}.AppStore|Any CPU.Build.0 = Release|Any CPU
		{87EE86B0-CA4B-4F68-A21B-C6457C1C9330}.AppStore|Any CPU.Deploy.0 = Release|Any CPU
		{87EE86B0-CA4B-4F68-A21B-C6457C1C9330}.AppStore|ARM.ActiveCfg = Release|ARM
		{87EE86B0-CA4B-4F68-A21B-C6457C1C9330}.AppStore|ARM.Build.0 = Release|ARM
		{87EE86B0-CA4B-4F68-A21B-C6457C1C9330}.AppStore|ARM.Deploy.0 = Release|ARM
		{87EE86B0-CA4B-4F68-A21B-C6457C1C9330}.AppStore|iPhone.ActiveCfg = Release|Any CPU
		{87EE86B0-CA4B-4F68-A21B-C6457C1C9330}.AppStore|iPhone.Build.0 = Release|Any CPU
		{87EE86B0-CA4B-4F68-A21B-C6457C1C9330}.AppStore|iPhone.Deploy.0 = Release|Any CPU
		{87EE86B0-CA4B-4F68-A21B-C6457C1C9330}.AppStore|iPhoneSimulator.ActiveCfg = Release|Any CPU
		{87EE86B0-CA4B-4F68-A21B-C6457C1C9330}.AppStore|iPhoneSimulator.Build.0 = Release|Any CPU
		{87EE86B0-CA4B-4F68-A21B-C6457C1C9330}.AppStore|iPhoneSimulator.Deploy.0 = Release|Any CPU
		{87EE86B0-CA4B-4F68-A21B-C6457C1C9330}.AppStore|x64.ActiveCfg = Release|x64
		{87EE86B0-CA4B-4F68-A21B-C6457C1C9330}.AppStore|x64.Build.0 = Release|x64
		{87EE86B0-CA4B-4F68-A21B-C6457C1C9330}.AppStore|x64.Deploy.0 = Release|x64
		{87EE86B0-CA4B-4F68-A21B-C6457C1C9330}.AppStore|x86.ActiveCfg = Release|x86
		{87EE86B0-CA4B-4F68-A21B-C6457C1C9330}.AppStore|x86.Build.0 = Release|x86
		{87EE86B0-CA4B-4F68-A21B-C6457C1C9330}.AppStore|x86.Deploy.0 = Release|x86
		{87EE86B0-CA4B-4F68-A21B-C6457C1C9330}.Debug|Any CPU.ActiveCfg = Debug|Any CPU
		{87EE86B0-CA4B-4F68-A21B-C6457C1C9330}.Debug|Any CPU.Build.0 = Debug|Any CPU
		{87EE86B0-CA4B-4F68-A21B-C6457C1C9330}.Debug|Any CPU.Deploy.0 = Debug|Any CPU
		{87EE86B0-CA4B-4F68-A21B-C6457C1C9330}.Debug|ARM.ActiveCfg = Debug|ARM
		{87EE86B0-CA4B-4F68-A21B-C6457C1C9330}.Debug|ARM.Build.0 = Debug|ARM
		{87EE86B0-CA4B-4F68-A21B-C6457C1C9330}.Debug|ARM.Deploy.0 = Debug|ARM
		{87EE86B0-CA4B-4F68-A21B-C6457C1C9330}.Debug|iPhone.ActiveCfg = Debug|Any CPU
		{87EE86B0-CA4B-4F68-A21B-C6457C1C9330}.Debug|iPhone.Build.0 = Debug|Any CPU
		{87EE86B0-CA4B-4F68-A21B-C6457C1C9330}.Debug|iPhone.Deploy.0 = Debug|Any CPU
		{87EE86B0-CA4B-4F68-A21B-C6457C1C9330}.Debug|iPhoneSimulator.ActiveCfg = Debug|Any CPU
		{87EE86B0-CA4B-4F68-A21B-C6457C1C9330}.Debug|iPhoneSimulator.Build.0 = Debug|Any CPU
		{87EE86B0-CA4B-4F68-A21B-C6457C1C9330}.Debug|iPhoneSimulator.Deploy.0 = Debug|Any CPU
		{87EE86B0-CA4B-4F68-A21B-C6457C1C9330}.Debug|x64.ActiveCfg = Debug|x64
		{87EE86B0-CA4B-4F68-A21B-C6457C1C9330}.Debug|x64.Build.0 = Debug|x64
		{87EE86B0-CA4B-4F68-A21B-C6457C1C9330}.Debug|x64.Deploy.0 = Debug|x64
		{87EE86B0-CA4B-4F68-A21B-C6457C1C9330}.Debug|x86.ActiveCfg = Debug|x86
		{87EE86B0-CA4B-4F68-A21B-C6457C1C9330}.Debug|x86.Build.0 = Debug|x86
		{87EE86B0-CA4B-4F68-A21B-C6457C1C9330}.Debug|x86.Deploy.0 = Debug|x86
		{87EE86B0-CA4B-4F68-A21B-C6457C1C9330}.Release|Any CPU.ActiveCfg = Release|Any CPU
		{87EE86B0-CA4B-4F68-A21B-C6457C1C9330}.Release|Any CPU.Build.0 = Release|Any CPU
		{87EE86B0-CA4B-4F68-A21B-C6457C1C9330}.Release|Any CPU.Deploy.0 = Release|Any CPU
		{87EE86B0-CA4B-4F68-A21B-C6457C1C9330}.Release|ARM.ActiveCfg = Release|ARM
		{87EE86B0-CA4B-4F68-A21B-C6457C1C9330}.Release|ARM.Build.0 = Release|ARM
		{87EE86B0-CA4B-4F68-A21B-C6457C1C9330}.Release|ARM.Deploy.0 = Release|ARM
		{87EE86B0-CA4B-4F68-A21B-C6457C1C9330}.Release|iPhone.ActiveCfg = Release|Any CPU
		{87EE86B0-CA4B-4F68-A21B-C6457C1C9330}.Release|iPhone.Build.0 = Release|Any CPU
		{87EE86B0-CA4B-4F68-A21B-C6457C1C9330}.Release|iPhone.Deploy.0 = Release|Any CPU
		{87EE86B0-CA4B-4F68-A21B-C6457C1C9330}.Release|iPhoneSimulator.ActiveCfg = Release|Any CPU
		{87EE86B0-CA4B-4F68-A21B-C6457C1C9330}.Release|iPhoneSimulator.Build.0 = Release|Any CPU
		{87EE86B0-CA4B-4F68-A21B-C6457C1C9330}.Release|iPhoneSimulator.Deploy.0 = Release|Any CPU
		{87EE86B0-CA4B-4F68-A21B-C6457C1C9330}.Release|x64.ActiveCfg = Release|x64
		{87EE86B0-CA4B-4F68-A21B-C6457C1C9330}.Release|x64.Build.0 = Release|x64
		{87EE86B0-CA4B-4F68-A21B-C6457C1C9330}.Release|x64.Deploy.0 = Release|x64
		{87EE86B0-CA4B-4F68-A21B-C6457C1C9330}.Release|x86.ActiveCfg = Release|x86
		{87EE86B0-CA4B-4F68-A21B-C6457C1C9330}.Release|x86.Build.0 = Release|x86
		{87EE86B0-CA4B-4F68-A21B-C6457C1C9330}.Release|x86.Deploy.0 = Release|x86
		{7E12B25E-8586-4472-AA38-BE4CE3B97533}.Ad-Hoc|Any CPU.ActiveCfg = Release|Any CPU
		{7E12B25E-8586-4472-AA38-BE4CE3B97533}.Ad-Hoc|Any CPU.Build.0 = Release|Any CPU
		{7E12B25E-8586-4472-AA38-BE4CE3B97533}.Ad-Hoc|Any CPU.Deploy.0 = Release|Any CPU
		{7E12B25E-8586-4472-AA38-BE4CE3B97533}.Ad-Hoc|ARM.ActiveCfg = Release|Any CPU
		{7E12B25E-8586-4472-AA38-BE4CE3B97533}.Ad-Hoc|ARM.Build.0 = Release|Any CPU
		{7E12B25E-8586-4472-AA38-BE4CE3B97533}.Ad-Hoc|ARM.Deploy.0 = Release|Any CPU
		{7E12B25E-8586-4472-AA38-BE4CE3B97533}.Ad-Hoc|iPhone.ActiveCfg = Release|Any CPU
		{7E12B25E-8586-4472-AA38-BE4CE3B97533}.Ad-Hoc|iPhone.Build.0 = Release|Any CPU
		{7E12B25E-8586-4472-AA38-BE4CE3B97533}.Ad-Hoc|iPhone.Deploy.0 = Release|Any CPU
		{7E12B25E-8586-4472-AA38-BE4CE3B97533}.Ad-Hoc|iPhoneSimulator.ActiveCfg = Release|Any CPU
		{7E12B25E-8586-4472-AA38-BE4CE3B97533}.Ad-Hoc|iPhoneSimulator.Build.0 = Release|Any CPU
		{7E12B25E-8586-4472-AA38-BE4CE3B97533}.Ad-Hoc|iPhoneSimulator.Deploy.0 = Release|Any CPU
		{7E12B25E-8586-4472-AA38-BE4CE3B97533}.Ad-Hoc|x64.ActiveCfg = Release|Any CPU
		{7E12B25E-8586-4472-AA38-BE4CE3B97533}.Ad-Hoc|x64.Build.0 = Release|Any CPU
		{7E12B25E-8586-4472-AA38-BE4CE3B97533}.Ad-Hoc|x64.Deploy.0 = Release|Any CPU
		{7E12B25E-8586-4472-AA38-BE4CE3B97533}.Ad-Hoc|x86.ActiveCfg = Release|Any CPU
		{7E12B25E-8586-4472-AA38-BE4CE3B97533}.Ad-Hoc|x86.Build.0 = Release|Any CPU
		{7E12B25E-8586-4472-AA38-BE4CE3B97533}.Ad-Hoc|x86.Deploy.0 = Release|Any CPU
		{7E12B25E-8586-4472-AA38-BE4CE3B97533}.AppStore|Any CPU.ActiveCfg = Release|Any CPU
		{7E12B25E-8586-4472-AA38-BE4CE3B97533}.AppStore|Any CPU.Build.0 = Release|Any CPU
		{7E12B25E-8586-4472-AA38-BE4CE3B97533}.AppStore|Any CPU.Deploy.0 = Release|Any CPU
		{7E12B25E-8586-4472-AA38-BE4CE3B97533}.AppStore|ARM.ActiveCfg = Release|Any CPU
		{7E12B25E-8586-4472-AA38-BE4CE3B97533}.AppStore|ARM.Build.0 = Release|Any CPU
		{7E12B25E-8586-4472-AA38-BE4CE3B97533}.AppStore|ARM.Deploy.0 = Release|Any CPU
		{7E12B25E-8586-4472-AA38-BE4CE3B97533}.AppStore|iPhone.ActiveCfg = Release|Any CPU
		{7E12B25E-8586-4472-AA38-BE4CE3B97533}.AppStore|iPhone.Build.0 = Release|Any CPU
		{7E12B25E-8586-4472-AA38-BE4CE3B97533}.AppStore|iPhone.Deploy.0 = Release|Any CPU
		{7E12B25E-8586-4472-AA38-BE4CE3B97533}.AppStore|iPhoneSimulator.ActiveCfg = Release|Any CPU
		{7E12B25E-8586-4472-AA38-BE4CE3B97533}.AppStore|iPhoneSimulator.Build.0 = Release|Any CPU
		{7E12B25E-8586-4472-AA38-BE4CE3B97533}.AppStore|iPhoneSimulator.Deploy.0 = Release|Any CPU
		{7E12B25E-8586-4472-AA38-BE4CE3B97533}.AppStore|x64.ActiveCfg = Release|Any CPU
		{7E12B25E-8586-4472-AA38-BE4CE3B97533}.AppStore|x64.Build.0 = Release|Any CPU
		{7E12B25E-8586-4472-AA38-BE4CE3B97533}.AppStore|x64.Deploy.0 = Release|Any CPU
		{7E12B25E-8586-4472-AA38-BE4CE3B97533}.AppStore|x86.ActiveCfg = Release|Any CPU
		{7E12B25E-8586-4472-AA38-BE4CE3B97533}.AppStore|x86.Build.0 = Release|Any CPU
		{7E12B25E-8586-4472-AA38-BE4CE3B97533}.AppStore|x86.Deploy.0 = Release|Any CPU
		{7E12B25E-8586-4472-AA38-BE4CE3B97533}.Debug|Any CPU.ActiveCfg = Debug|Any CPU
		{7E12B25E-8586-4472-AA38-BE4CE3B97533}.Debug|Any CPU.Build.0 = Debug|Any CPU
		{7E12B25E-8586-4472-AA38-BE4CE3B97533}.Debug|Any CPU.Deploy.0 = Debug|Any CPU
		{7E12B25E-8586-4472-AA38-BE4CE3B97533}.Debug|ARM.ActiveCfg = Debug|Any CPU
		{7E12B25E-8586-4472-AA38-BE4CE3B97533}.Debug|ARM.Build.0 = Debug|Any CPU
		{7E12B25E-8586-4472-AA38-BE4CE3B97533}.Debug|ARM.Deploy.0 = Debug|Any CPU
		{7E12B25E-8586-4472-AA38-BE4CE3B97533}.Debug|iPhone.ActiveCfg = Debug|Any CPU
		{7E12B25E-8586-4472-AA38-BE4CE3B97533}.Debug|iPhone.Build.0 = Debug|Any CPU
		{7E12B25E-8586-4472-AA38-BE4CE3B97533}.Debug|iPhone.Deploy.0 = Debug|Any CPU
		{7E12B25E-8586-4472-AA38-BE4CE3B97533}.Debug|iPhoneSimulator.ActiveCfg = Debug|Any CPU
		{7E12B25E-8586-4472-AA38-BE4CE3B97533}.Debug|iPhoneSimulator.Build.0 = Debug|Any CPU
		{7E12B25E-8586-4472-AA38-BE4CE3B97533}.Debug|iPhoneSimulator.Deploy.0 = Debug|Any CPU
		{7E12B25E-8586-4472-AA38-BE4CE3B97533}.Debug|x64.ActiveCfg = Debug|Any CPU
		{7E12B25E-8586-4472-AA38-BE4CE3B97533}.Debug|x64.Build.0 = Debug|Any CPU
		{7E12B25E-8586-4472-AA38-BE4CE3B97533}.Debug|x64.Deploy.0 = Debug|Any CPU
		{7E12B25E-8586-4472-AA38-BE4CE3B97533}.Debug|x86.ActiveCfg = Debug|Any CPU
		{7E12B25E-8586-4472-AA38-BE4CE3B97533}.Debug|x86.Build.0 = Debug|Any CPU
		{7E12B25E-8586-4472-AA38-BE4CE3B97533}.Debug|x86.Deploy.0 = Debug|Any CPU
		{7E12B25E-8586-4472-AA38-BE4CE3B97533}.Release|Any CPU.ActiveCfg = Release|Any CPU
		{7E12B25E-8586-4472-AA38-BE4CE3B97533}.Release|Any CPU.Build.0 = Release|Any CPU
		{7E12B25E-8586-4472-AA38-BE4CE3B97533}.Release|Any CPU.Deploy.0 = Release|Any CPU
		{7E12B25E-8586-4472-AA38-BE4CE3B97533}.Release|ARM.ActiveCfg = Release|Any CPU
		{7E12B25E-8586-4472-AA38-BE4CE3B97533}.Release|ARM.Build.0 = Release|Any CPU
		{7E12B25E-8586-4472-AA38-BE4CE3B97533}.Release|ARM.Deploy.0 = Release|Any CPU
		{7E12B25E-8586-4472-AA38-BE4CE3B97533}.Release|iPhone.ActiveCfg = Release|Any CPU
		{7E12B25E-8586-4472-AA38-BE4CE3B97533}.Release|iPhone.Build.0 = Release|Any CPU
		{7E12B25E-8586-4472-AA38-BE4CE3B97533}.Release|iPhone.Deploy.0 = Release|Any CPU
		{7E12B25E-8586-4472-AA38-BE4CE3B97533}.Release|iPhoneSimulator.ActiveCfg = Release|Any CPU
		{7E12B25E-8586-4472-AA38-BE4CE3B97533}.Release|iPhoneSimulator.Build.0 = Release|Any CPU
		{7E12B25E-8586-4472-AA38-BE4CE3B97533}.Release|iPhoneSimulator.Deploy.0 = Release|Any CPU
		{7E12B25E-8586-4472-AA38-BE4CE3B97533}.Release|x64.ActiveCfg = Release|Any CPU
		{7E12B25E-8586-4472-AA38-BE4CE3B97533}.Release|x64.Build.0 = Release|Any CPU
		{7E12B25E-8586-4472-AA38-BE4CE3B97533}.Release|x64.Deploy.0 = Release|Any CPU
		{7E12B25E-8586-4472-AA38-BE4CE3B97533}.Release|x86.ActiveCfg = Release|Any CPU
		{7E12B25E-8586-4472-AA38-BE4CE3B97533}.Release|x86.Build.0 = Release|Any CPU
		{7E12B25E-8586-4472-AA38-BE4CE3B97533}.Release|x86.Deploy.0 = Release|Any CPU
		{3BA1A475-ABF9-4E32-BAC6-7510B9573BF4}.Ad-Hoc|Any CPU.ActiveCfg = Release|Any CPU
		{3BA1A475-ABF9-4E32-BAC6-7510B9573BF4}.Ad-Hoc|Any CPU.Build.0 = Release|Any CPU
		{3BA1A475-ABF9-4E32-BAC6-7510B9573BF4}.Ad-Hoc|ARM.ActiveCfg = Release|Any CPU
		{3BA1A475-ABF9-4E32-BAC6-7510B9573BF4}.Ad-Hoc|ARM.Build.0 = Release|Any CPU
		{3BA1A475-ABF9-4E32-BAC6-7510B9573BF4}.Ad-Hoc|iPhone.ActiveCfg = Release|Any CPU
		{3BA1A475-ABF9-4E32-BAC6-7510B9573BF4}.Ad-Hoc|iPhone.Build.0 = Release|Any CPU
		{3BA1A475-ABF9-4E32-BAC6-7510B9573BF4}.Ad-Hoc|iPhoneSimulator.ActiveCfg = Release|Any CPU
		{3BA1A475-ABF9-4E32-BAC6-7510B9573BF4}.Ad-Hoc|iPhoneSimulator.Build.0 = Release|Any CPU
		{3BA1A475-ABF9-4E32-BAC6-7510B9573BF4}.Ad-Hoc|x64.ActiveCfg = Release|Any CPU
		{3BA1A475-ABF9-4E32-BAC6-7510B9573BF4}.Ad-Hoc|x64.Build.0 = Release|Any CPU
		{3BA1A475-ABF9-4E32-BAC6-7510B9573BF4}.Ad-Hoc|x86.ActiveCfg = Release|Any CPU
		{3BA1A475-ABF9-4E32-BAC6-7510B9573BF4}.Ad-Hoc|x86.Build.0 = Release|Any CPU
		{3BA1A475-ABF9-4E32-BAC6-7510B9573BF4}.AppStore|Any CPU.ActiveCfg = Release|Any CPU
		{3BA1A475-ABF9-4E32-BAC6-7510B9573BF4}.AppStore|Any CPU.Build.0 = Release|Any CPU
		{3BA1A475-ABF9-4E32-BAC6-7510B9573BF4}.AppStore|ARM.ActiveCfg = Release|Any CPU
		{3BA1A475-ABF9-4E32-BAC6-7510B9573BF4}.AppStore|ARM.Build.0 = Release|Any CPU
		{3BA1A475-ABF9-4E32-BAC6-7510B9573BF4}.AppStore|iPhone.ActiveCfg = Release|Any CPU
		{3BA1A475-ABF9-4E32-BAC6-7510B9573BF4}.AppStore|iPhone.Build.0 = Release|Any CPU
		{3BA1A475-ABF9-4E32-BAC6-7510B9573BF4}.AppStore|iPhoneSimulator.ActiveCfg = Release|Any CPU
		{3BA1A475-ABF9-4E32-BAC6-7510B9573BF4}.AppStore|iPhoneSimulator.Build.0 = Release|Any CPU
		{3BA1A475-ABF9-4E32-BAC6-7510B9573BF4}.AppStore|x64.ActiveCfg = Release|Any CPU
		{3BA1A475-ABF9-4E32-BAC6-7510B9573BF4}.AppStore|x64.Build.0 = Release|Any CPU
		{3BA1A475-ABF9-4E32-BAC6-7510B9573BF4}.AppStore|x86.ActiveCfg = Release|Any CPU
		{3BA1A475-ABF9-4E32-BAC6-7510B9573BF4}.AppStore|x86.Build.0 = Release|Any CPU
		{3BA1A475-ABF9-4E32-BAC6-7510B9573BF4}.Debug|Any CPU.ActiveCfg = Debug|Any CPU
		{3BA1A475-ABF9-4E32-BAC6-7510B9573BF4}.Debug|Any CPU.Build.0 = Debug|Any CPU
		{3BA1A475-ABF9-4E32-BAC6-7510B9573BF4}.Debug|ARM.ActiveCfg = Debug|Any CPU
		{3BA1A475-ABF9-4E32-BAC6-7510B9573BF4}.Debug|ARM.Build.0 = Debug|Any CPU
		{3BA1A475-ABF9-4E32-BAC6-7510B9573BF4}.Debug|iPhone.ActiveCfg = Debug|Any CPU
		{3BA1A475-ABF9-4E32-BAC6-7510B9573BF4}.Debug|iPhone.Build.0 = Debug|Any CPU
		{3BA1A475-ABF9-4E32-BAC6-7510B9573BF4}.Debug|iPhoneSimulator.ActiveCfg = Debug|Any CPU
		{3BA1A475-ABF9-4E32-BAC6-7510B9573BF4}.Debug|iPhoneSimulator.Build.0 = Debug|Any CPU
		{3BA1A475-ABF9-4E32-BAC6-7510B9573BF4}.Debug|x64.ActiveCfg = Debug|Any CPU
		{3BA1A475-ABF9-4E32-BAC6-7510B9573BF4}.Debug|x64.Build.0 = Debug|Any CPU
		{3BA1A475-ABF9-4E32-BAC6-7510B9573BF4}.Debug|x86.ActiveCfg = Debug|Any CPU
		{3BA1A475-ABF9-4E32-BAC6-7510B9573BF4}.Debug|x86.Build.0 = Debug|Any CPU
		{3BA1A475-ABF9-4E32-BAC6-7510B9573BF4}.Release|Any CPU.ActiveCfg = Release|Any CPU
		{3BA1A475-ABF9-4E32-BAC6-7510B9573BF4}.Release|Any CPU.Build.0 = Release|Any CPU
		{3BA1A475-ABF9-4E32-BAC6-7510B9573BF4}.Release|ARM.ActiveCfg = Release|Any CPU
		{3BA1A475-ABF9-4E32-BAC6-7510B9573BF4}.Release|ARM.Build.0 = Release|Any CPU
		{3BA1A475-ABF9-4E32-BAC6-7510B9573BF4}.Release|iPhone.ActiveCfg = Release|Any CPU
		{3BA1A475-ABF9-4E32-BAC6-7510B9573BF4}.Release|iPhone.Build.0 = Release|Any CPU
		{3BA1A475-ABF9-4E32-BAC6-7510B9573BF4}.Release|iPhoneSimulator.ActiveCfg = Release|Any CPU
		{3BA1A475-ABF9-4E32-BAC6-7510B9573BF4}.Release|iPhoneSimulator.Build.0 = Release|Any CPU
		{3BA1A475-ABF9-4E32-BAC6-7510B9573BF4}.Release|x64.ActiveCfg = Release|Any CPU
		{3BA1A475-ABF9-4E32-BAC6-7510B9573BF4}.Release|x64.Build.0 = Release|Any CPU
		{3BA1A475-ABF9-4E32-BAC6-7510B9573BF4}.Release|x86.ActiveCfg = Release|Any CPU
		{3BA1A475-ABF9-4E32-BAC6-7510B9573BF4}.Release|x86.Build.0 = Release|Any CPU
	EndGlobalSection
	GlobalSection(SolutionProperties) = preSolution
		HideSolutionNode = FALSE
	EndGlobalSection
EndGlobal
